github.com/bmatcuk/doublestar v1.1.1 h1:YroD6BJCZBYx06yYFEWvUuKVWQn3vLLQAVmDmvTSaiQ=
github.com/bmatcuk/doublestar v1.1.1/go.mod h1:UD6OnuiIn0yFxxA2le/rnRU1G4RaI4UvFv1sNto9p6w=
github.com/google/uuid v1.1.0 h1:Jf4mxPC/ziBnoPIdpQdPJ9OeiomAUHLvxmPRSPH9m4s=
github.com/google/uuid v1.1.0/go.mod h1:TIyPZe4MgqvfeYDBFedMoGGpEw/LqOeaOT+nhxU+yHo=
golang.org/x/crypto v0.0.0-20181127143415-eb0de9b17e85 h1:et7+NAX3lLIk5qUCTA9QelBjGE/NkhzYw/mhnr0s7nI=
golang.org/x/crypto v0.0.0-20181127143415-eb0de9b17e85/go.mod h1:6SG95UA2DQfeDnfUPMdvaQW0Q7yPrPDi9nlGo2tz2b4=
golang.org/x/sync v0.0.0-20181108010431-42b317875d0f h1:Bl/8QSvNqXvPGPGXa2z5xUTmV7VDcZyvRZ+QQXkXTZQ=
golang.org/x/sync v0.0.0-20181108010431-42b317875d0f/go.mod h1:RxMgew5VJxzue5/jJTE5uejpjVlOe/izrB70Jof72aM=
golang.org/x/sys v0.0.0-20191220220014-0732a990476f h1:72l8qCJ1nGxMGH26QVBVIxKd/D34cfGt0OvrPtpemyY=
golang.org/x/sys v0.0.0-20191220220014-0732a990476f/go.mod h1:h1NjWce9XRLGQEsW7wpKNCjG9DtNlClVuFLEZdDNbEs=
