# This file is autogenerated, do not edit; changes may be undone by the next 'dep ensure'.


[[projects]]
  digest = "1:2aaf2cc045d0219bba79655e4df795b973168c310574669cb75786684f7287d3"
  name = "github.com/bmatcuk/doublestar"
  packages = ["."]
  pruneopts = "UT"
  revision = "85a78806aa1b4707d1dbace9be592cf1ece91ab3"
  version = "v1.1.1"

[[projects]]
  digest = "1:236d7e1bdb50d8f68559af37dbcf9d142d56b431c9b2176d41e2a009b664cda8"
  name = "github.com/google/uuid"
  packages = ["."]
  pruneopts = "UT"
  revision = "9b3b1e0f5f99ae461456d768e7d301a7acdaa2d8"
  version = "v1.1.0"

[[projects]]
  branch = "master"
  digest = "1:9c52d590d562124fc2883ea9c77e12b8b9e5ff96a37dd91756bb0694d1c53924"
  name = "golang.org/x/crypto"
  packages = [
    "bcrypt",
    "blowfish",
    "curve25519",
    "ed25519",
    "ed25519/internal/edwards25519",
    "internal/chacha20",
    "internal/subtle",
    "poly1305",
    "ssh",
  ]
  pruneopts = "UT"
  revision = "eb0de9b17e854e9b1ccd9963efafc79862359959"

[[projects]]
  branch = "master"
  digest = "1:b521f10a2d8fa85c04a8ef4e62f2d1e14d303599a55d64dabf9f5a02f84d35eb"
  name = "golang.org/x/sync"
  packages = ["errgroup"]
  pruneopts = "UT"
  revision = "42b317875d0fa942474b76e1b46a6060d720ae6e"

[solve-meta]
  analyzer-name = "dep"
  analyzer-version = 1
  input-imports = [
    "github.com/bmatcuk/doublestar",
    "github.com/google/uuid",
    "golang.org/x/crypto/bcrypt",
    "golang.org/x/crypto/ssh",
    "golang.org/x/sync/errgroup",
  ]
  solver-name = "gps-cdcl"
  solver-version = 1
